
Microsoft Visual Studio Solution File, Format Version 12.00
# Visual Studio Version 17
VisualStudioVersion = 17.5.002.0
MinimumVisualStudioVersion = 10.0.40219.1
Project("{9A19103F-16F7-4668-BE54-9A1E7A4F7556}") = "csharp-crud-api", "csharp-crud-api.csproj", "{EE52665A-3386-48D8-B6E5-B1CA76EB2755}"
EndProject
Global
	GlobalSection(SolutionConfigurationPlatforms) = preSolution
		Debug|Any CPU = Debug|Any CPU
		Release|Any CPU = Release|Any CPU
	EndGlobalSection
	GlobalSection(ProjectConfigurationPlatforms) = postSolution
		{EE52665A-3386-48D8-B6E5-B1CA76EB2755}.Debug|Any CPU.ActiveCfg = Debug|Any CPU
		{EE52665A-3386-48D8-B6E5-B1CA76EB2755}.Debug|Any CPU.Build.0 = Debug|Any CPU
		{EE52665A-3386-48D8-B6E5-B1CA76EB2755}.Release|Any CPU.ActiveCfg = Release|Any CPU
		{EE52665A-3386-48D8-B6E5-B1CA76EB2755}.Release|Any CPU.Build.0 = Release|Any CPU
	EndGlobalSection
	GlobalSection(SolutionProperties) = preSolution
		HideSolutionNode = FALSE
	EndGlobalSection
	GlobalSection(ExtensibilityGlobals) = postSolution
		SolutionGuid = {2E5F45E1-2025-44A9-BB8E-2193A717F6CE}
	EndGlobalSection
EndGlobal
